// !$*UTF8*$!
{
	archiveVersion = 1;
	classes = {
	};
	objectVersion = 48;
	objects = {

/* Begin PBXBuildFile section */
		0ACB50B121D0D02A0081402B /* main.m in Sources */ = {isa = PBXBuildFile; fileRef = 0ACB50B021D0D02A0081402B /* main.m */; };
		0ACB50B921D0D0660081402B /* NSObject+ZMKVO.m in Sources */ = {isa = PBXBuildFile; fileRef = 0ACB50B821D0D0660081402B /* NSObject+ZMKVO.m */; };
		0ACB50BC21D0D4EF0081402B /* KVOTest.m in Sources */ = {isa = PBXBuildFile; fileRef = 0ACB50BB21D0D4EF0081402B /* KVOTest.m */; };
		0ACB50BF21D0D5490081402B /* KVOTestManager.m in Sources */ = {isa = PBXBuildFile; fileRef = 0ACB50BE21D0D5490081402B /* KVOTestManager.m */; };
/* End PBXBuildFile section */

/* Begin PBXCopyFilesBuildPhase section */
		0ACB50AB21D0D02A0081402B /* CopyFiles */ = {
			isa = PBXCopyFilesBuildPhase;
			buildActionMask = 2147483647;
			dstPath = /usr/share/man/man1/;
			dstSubfolderSpec = 0;
			files = (
			);
			runOnlyForDeploymentPostprocessing = 1;
		};
/* End PBXCopyFilesBuildPhase section */

/* Begin PBXFileReference section */
		0ACB50AD21D0D02A0081402B /* KVOCode */ = {isa = PBXFileReference; explicitFileType = "compiled.mach-o.executable"; includeInIndex = 0; path = KVOCode; sourceTree = BUILT_PRODUCTS_DIR; };
		0ACB50B021D0D02A0081402B /* main.m */ = {isa = PBXFileReference; lastKnownFileType = sourcecode.c.objc; path = main.m; sourceTree = "<group>"; };
		0ACB50B721D0D0660081402B /* NSObject+ZMKVO.h */ = {isa = PBXFileReference; lastKnownFileType = sourcecode.c.h; path = "NSObject+ZMKVO.h"; sourceTree = "<group>"; };
		0ACB50B821D0D0660081402B /* NSObject+ZMKVO.m */ = {isa = PBXFileReference; lastKnownFileType = sourcecode.c.objc; path = "NSObject+ZMKVO.m"; sourceTree = "<group>"; };
		0ACB50BA21D0D4EF0081402B /* KVOTest.h */ = {isa = PBXFileReference; lastKnownFileType = sourcecode.c.h; path = KVOTest.h; sourceTree = "<group>"; };
		0ACB50BB21D0D4EF0081402B /* KVOTest.m */ = {isa = PBXFileReference; lastKnownFileType = sourcecode.c.objc; path = KVOTest.m; sourceTree = "<group>"; };
		0ACB50BD21D0D5490081402B /* KVOTestManager.h */ = {isa = PBXFileReference; lastKnownFileType = sourcecode.c.h; path = KVOTestManager.h; sourceTree = "<group>"; };
		0ACB50BE21D0D5490081402B /* KVOTestManager.m */ = {isa = PBXFileReference; lastKnownFileType = sourcecode.c.objc; path = KVOTestManager.m; sourceTree = "<group>"; };
/* End PBXFileReference section */

/* Begin PBXFrameworksBuildPhase section */
		0ACB50AA21D0D02A0081402B /* Frameworks */ = {
			isa = PBXFrameworksBuildPhase;
			buildActionMask = 2147483647;
			files = (
			);
			runOnlyForDeploymentPostprocessing = 0;
		};
/* End PBXFrameworksBuildPhase section */

/* Begin PBXGroup section */
		0ACB50A421D0D02A0081402B = {
			isa = PBXGroup;
			children = (
				0ACB50AF21D0D02A0081402B /* KVOCode */,
				0ACB50AE21D0D02A0081402B /* Products */,
			);
			sourceTree = "<group>";
		};
		0ACB50AE21D0D02A0081402B /* Products */ = {
			isa = PBXGroup;
			children = (
				0ACB50AD21D0D02A0081402B /* KVOCode */,
			);
			name = Products;
			sourceTree = "<group>";
		};
		0ACB50AF21D0D02A0081402B /* KVOCode */ = {
			isa = PBXGroup;
			children = (
				0ACB50B021D0D02A0081402B /* main.m */,
				0ACB50B721D0D0660081402B /* NSObject+ZMKVO.h */,
				0ACB50B821D0D0660081402B /* NSObject+ZMKVO.m */,
				0ACB50BA21D0D4EF0081402B /* KVOTest.h */,
				0ACB50BB21D0D4EF0081402B /* KVOTest.m */,
				0ACB50BD21D0D5490081402B /* KVOTestManager.h */,
				0ACB50BE21D0D5490081402B /* KVOTestManager.m */,
			);
			path = KVOCode;
			sourceTree = "<group>";
		};
/* End PBXGroup section */

/* Begin PBXNativeTarget section */
		0ACB50AC21D0D02A0081402B /* KVOCode */ = {
			isa = PBXNativeTarget;
			buildConfigurationList = 0ACB50B421D0D02A0081402B /* Build configuration list for PBXNativeTarget "KVOCode" */;
			buildPhases = (
				0ACB50A921D0D02A0081402B /* Sources */,
				0ACB50AA21D0D02A0081402B /* Frameworks */,
				0ACB50AB21D0D02A0081402B /* CopyFiles */,
			);
			buildRules = (
			);
			dependencies = (
			);
			name = KVOCode;
			productName = KVOCode;
			productReference = 0ACB50AD21D0D02A0081402B /* KVOCode */;
			productType = "com.apple.product-type.tool";
		};
/* End PBXNativeTarget section */

/* Begin PBXProject section */
		0ACB50A521D0D02A0081402B /* Project object */ = {
			isa = PBXProject;
			attributes = {
				LastUpgradeCheck = 0900;
				ORGANIZATIONNAME = ZTE;
				TargetAttributes = {
					0ACB50AC21D0D02A0081402B = {
						CreatedOnToolsVersion = 9.0.1;
						ProvisioningStyle = Automatic;
					};
				};
			};
			buildConfigurationList = 0ACB50A821D0D02A0081402B /* Build configuration list for PBXProject "KVOCode" */;
			compatibilityVersion = "Xcode 8.0";
			developmentRegion = en;
			hasScannedForEncodings = 0;
			knownRegions = (
				en,
			);
			mainGroup = 0ACB50A421D0D02A0081402B;
			productRefGroup = 0ACB50AE21D0D02A0081402B /* Products */;
			projectDirPath = "";
			projectRoot = "";
			targets = (
				0ACB50AC21D0D02A0081402B /* KVOCode */,
			);
		};
/* End PBXProject section */

/* Begin PBXSourcesBuildPhase section */
		0ACB50A921D0D02A0081402B /* Sources */ = {
			isa = PBXSourcesBuildPhase;
			buildActionMask = 2147483647;
			files = (
				0ACB50B121D0D02A0081402B /* main.m in Sources */,
				0ACB50B921D0D0660081402B /* NSObject+ZMKVO.m in Sources */,
				0ACB50BF21D0D5490081402B /* KVOTestManager.m in Sources */,
				0ACB50BC21D0D4EF0081402B /* KVOTest.m in Sources */,
			);
			runOnlyForDeploymentPostprocessing = 0;
		};
/* End PBXSourcesBuildPhase section */

/* Begin XCBuildConfiguration section */
		0ACB50B221D0D02A0081402B /* Debug */ = {
			isa = XCBuildConfiguration;
			buildSettings = {
				ALWAYS_SEARCH_USER_PATHS = NO;
				CLANG_ANALYZER_NONNULL = YES;
				CLANG_ANALYZER_NUMBER_OBJECT_CONVERSION = YES_AGGRESSIVE;
				CLANG_CXX_LANGUAGE_STANDARD = "gnu++14";
				CLANG_CXX_LIBRARY = "libc++";
				CLANG_ENABLE_MODULES = YES;
				CLANG_ENABLE_OBJC_ARC = YES;
				CLANG_WARN_BLOCK_CAPTURE_AUTORELEASING = YES;
				CLANG_WARN_BOOL_CONVERSION = YES;
				CLANG_WARN_COMMA = YES;
				CLANG_WARN_CONSTANT_CONVERSION = YES;
				CLANG_WARN_DIRECT_OBJC_ISA_USAGE = YES_ERROR;
				CLANG_WARN_DOCUMENTATION_COMMENTS = YES;
				CLANG_WARN_EMPTY_BODY = YES;
				CLANG_WARN_ENUM_CONVERSION = YES;
				CLANG_WARN_INFINITE_RECURSION = YES;
				CLANG_WARN_INT_CONVERSION = YES;
				CLANG_WARN_NON_LITERAL_NULL_CONVERSION = YES;
				CLANG_WARN_OBJC_LITERAL_CONVERSION = YES;
				CLANG_WARN_OBJC_ROOT_CLASS = YES_ERROR;
				CLANG_WARN_RANGE_LOOP_ANALYSIS = YES;
				CLANG_WARN_STRICT_PROTOTYPES = YES;
				CLANG_WARN_SUSPICIOUS_MOVE = YES;
				CLANG_WARN_UNGUARDED_AVAILABILITY = YES_AGGRESSIVE;
				CLANG_WARN_UNREACHABLE_CODE = YES;
				CLANG_WARN__DUPLICATE_METHOD_MATCH = YES;
				CODE_SIGN_IDENTITY = "-";
				COPY_PHASE_STRIP = NO;
				DEBUG_INFORMATION_FORMAT = dwarf;
				ENABLE_STRICT_OBJC_MSGSEND = YES;
				ENABLE_TESTABILITY = YES;
				GCC_C_LANGUAGE_STANDARD = gnu11;
				GCC_DYNAMIC_NO_PIC = NO;
				GCC_NO_COMMON_BLOCKS = YES;
				GCC_OPTIMIZATION_LEVEL = 0;
				GCC_PREPROCESSOR_DEFINITIONS = (
					"DEBUG=1",
					"$(inherited)",
				);
				GCC_WARN_64_TO_32_BIT_CONVERSION = YES;
				GCC_WARN_ABOUT_RETURN_TYPE = YES_ERROR;
				GCC_WARN_UNDECLARED_SELECTOR = YES;
				GCC_WARN_UNINITIALIZED_AUTOS = YES_AGGRESSIVE;
				GCC_WARN_UNUSED_FUNCTION = YES;
				GCC_WARN_UNUSED_VARIABLE = YES;
				MACOSX_DEPLOYMENT_TARGET = 10.13;
				MTL_ENABLE_DEBUG_INFO = YES;
				ONLY_ACTIVE_ARCH = YES;
				SDKROOT = macosx;
			};
			name = Debug;
		};
		0ACB50B321D0D02A0081402B /* Release */ = {
			isa = XCBuildConfiguration;
			buildSettings = {
				ALWAYS_SEARCH_USER_PATHS = NO;
				CLANG_ANALYZER_NONNULL = YES;
				CLANG_ANALYZER_NUMBER_OBJECT_CONVERSION = YES_AGGRESSIVE;
				CLANG_CXX_LANGUAGE_STANDARD = "gnu++14";
				CLANG_CXX_LIBRARY = "libc++";
				CLANG_ENABLE_MODULES = YES;
				CLANG_ENABLE_OBJC_ARC = YES;
				CLANG_WARN_BLOCK_CAPTURE_AUTORELEASING = YES;
				CLANG_WARN_BOOL_CONVERSION = YES;
				CLANG_WARN_COMMA = YES;
				CLANG_WARN_CONSTANT_CONVERSION = YES;
				CLANG_WARN_DIRECT_OBJC_ISA_USAGE = YES_ERROR;
				CLANG_WARN_DOCUMENTATION_COMMENTS = YES;
				CLANG_WARN_EMPTY_BODY = YES;
				CLANG_WARN_ENUM_CONVERSION = YES;
				CLANG_WARN_INFINITE_RECURSION = YES;
				CLANG_WARN_INT_CONVERSION = YES;
				CLANG_WARN_NON_LITERAL_NULL_CONVERSION = YES;
				CLANG_WARN_OBJC_LITERAL_CONVERSION = YES;
				CLANG_WARN_OBJC_ROOT_CLASS = YES_ERROR;
				CLANG_WARN_RANGE_LOOP_ANALYSIS = YES;
				CLANG_WARN_STRICT_PROTOTYPES = YES;
				CLANG_WARN_SUSPICIOUS_MOVE = YES;
				CLANG_WARN_UNGUARDED_AVAILABILITY = YES_AGGRESSIVE;
				CLANG_WARN_UNREACHABLE_CODE = YES;
				CLANG_WARN__DUPLICATE_METHOD_MATCH = YES;
				CODE_SIGN_IDENTITY = "-";
				COPY_PHASE_STRIP = NO;
				DEBUG_INFORMATION_FORMAT = "dwarf-with-dsym";
				ENABLE_NS_ASSERTIONS = NO;
				ENABLE_STRICT_OBJC_MSGSEND = YES;
				GCC_C_LANGUAGE_STANDARD = gnu11;
				GCC_NO_COMMON_BLOCKS = YES;
				GCC_WARN_64_TO_32_BIT_CONVERSION = YES;
				GCC_WARN_ABOUT_RETURN_TYPE = YES_ERROR;
				GCC_WARN_UNDECLARED_SELECTOR = YES;
				GCC_WARN_UNINITIALIZED_AUTOS = YES_AGGRESSIVE;
				GCC_WARN_UNUSED_FUNCTION = YES;
				GCC_WARN_UNUSED_VARIABLE = YES;
				MACOSX_DEPLOYMENT_TARGET = 10.13;
				MTL_ENABLE_DEBUG_INFO = NO;
				SDKROOT = macosx;
			};
			name = Release;
		};
		0ACB50B521D0D02A0081402B /* Debug */ = {
			isa = XCBuildConfiguration;
			buildSettings = {
				CODE_SIGN_STYLE = Automatic;
				PRODUCT_NAME = "$(TARGET_NAME)";
			};
			name = Debug;
		};
		0ACB50B621D0D02A0081402B /* Release */ = {
			isa = XCBuildConfiguration;
			buildSettings = {
				CODE_SIGN_STYLE = Automatic;
				PRODUCT_NAME = "$(TARGET_NAME)";
			};
			name = Release;
		};
/* End XCBuildConfiguration section */

/* Begin XCConfigurationList section */
		0ACB50A821D0D02A0081402B /* Build configuration list for PBXProject "KVOCode" */ = {
			isa = XCConfigurationList;
			buildConfigurations = (
				0ACB50B221D0D02A0081402B /* Debug */,
				0ACB50B321D0D02A0081402B /* Release */,
			);
			defaultConfigurationIsVisible = 0;
			defaultConfigurationName = Release;
		};
		0ACB50B421D0D02A0081402B /* Build configuration list for PBXNativeTarget "KVOCode" */ = {
			isa = XCConfigurationList;
			buildConfigurations = (
				0ACB50B521D0D02A0081402B /* Debug */,
				0ACB50B621D0D02A0081402B /* Release */,
			);
			defaultConfigurationIsVisible = 0;
			defaultConfigurationName = Release;
		};
/* End XCConfigurationList section */
	};
	rootObject = 0ACB50A521D0D02A0081402B /* Project object */;
}
