// !$*UTF8*$!
{
	archiveVersion = 1;
	classes = {
	};
	objectVersion = 48;
	objects = {

/* Begin PBXBuildFile section */
		0A58536C21CE41840017C01D /* KVOTest.m in Sources */ = {isa = PBXBuildFile; fileRef = 0A58536B21CE41840017C01D /* KVOTest.m */; };
		0A58536F21CE41C10017C01D /* KVOTestValue.m in Sources */ = {isa = PBXBuildFile; fileRef = 0A58536E21CE41C10017C01D /* KVOTestValue.m */; };
		0A58537221CE42850017C01D /* KVOTestObserver.m in Sources */ = {isa = PBXBuildFile; fileRef = 0A58537121CE42850017C01D /* KVOTestObserver.m */; };
		0AD27FE321916C47009913E4 /* libz.tbd in Frameworks */ = {isa = PBXBuildFile; fileRef = 0AD27FE221916C3C009913E4 /* libz.tbd */; };
		0AE91B252189A8D4002C630B /* main.m in Sources */ = {isa = PBXBuildFile; fileRef = 0AE91B242189A8D4002C630B /* main.m */; };
/* End PBXBuildFile section */

/* Begin PBXCopyFilesBuildPhase section */
		0AE91B1F2189A8D4002C630B /* CopyFiles */ = {
			isa = PBXCopyFilesBuildPhase;
			buildActionMask = 2147483647;
			dstPath = /usr/share/man/man1/;
			dstSubfolderSpec = 0;
			files = (
			);
			runOnlyForDeploymentPostprocessing = 1;
		};
/* End PBXCopyFilesBuildPhase section */

/* Begin PBXFileReference section */
		0A58536A21CE41840017C01D /* KVOTest.h */ = {isa = PBXFileReference; lastKnownFileType = sourcecode.c.h; path = KVOTest.h; sourceTree = "<group>"; };
		0A58536B21CE41840017C01D /* KVOTest.m */ = {isa = PBXFileReference; lastKnownFileType = sourcecode.c.objc; path = KVOTest.m; sourceTree = "<group>"; };
		0A58536D21CE41C10017C01D /* KVOTestValue.h */ = {isa = PBXFileReference; lastKnownFileType = sourcecode.c.h; path = KVOTestValue.h; sourceTree = "<group>"; };
		0A58536E21CE41C10017C01D /* KVOTestValue.m */ = {isa = PBXFileReference; lastKnownFileType = sourcecode.c.objc; path = KVOTestValue.m; sourceTree = "<group>"; };
		0A58537021CE42850017C01D /* KVOTestObserver.h */ = {isa = PBXFileReference; lastKnownFileType = sourcecode.c.h; path = KVOTestObserver.h; sourceTree = "<group>"; };
		0A58537121CE42850017C01D /* KVOTestObserver.m */ = {isa = PBXFileReference; lastKnownFileType = sourcecode.c.objc; path = KVOTestObserver.m; sourceTree = "<group>"; };
		0AD27FE221916C3C009913E4 /* libz.tbd */ = {isa = PBXFileReference; lastKnownFileType = "sourcecode.text-based-dylib-definition"; name = libz.tbd; path = usr/lib/libz.tbd; sourceTree = SDKROOT; };
		0AE91B212189A8D4002C630B /* Test */ = {isa = PBXFileReference; explicitFileType = "compiled.mach-o.executable"; includeInIndex = 0; path = Test; sourceTree = BUILT_PRODUCTS_DIR; };
		0AE91B242189A8D4002C630B /* main.m */ = {isa = PBXFileReference; lastKnownFileType = sourcecode.c.objc; path = main.m; sourceTree = "<group>"; };
/* End PBXFileReference section */

/* Begin PBXFrameworksBuildPhase section */
		0AE91B1E2189A8D4002C630B /* Frameworks */ = {
			isa = PBXFrameworksBuildPhase;
			buildActionMask = 2147483647;
			files = (
				0AD27FE321916C47009913E4 /* libz.tbd in Frameworks */,
			);
			runOnlyForDeploymentPostprocessing = 0;
		};
/* End PBXFrameworksBuildPhase section */

/* Begin PBXGroup section */
		0A58536921CE415E0017C01D /* KVOTest */ = {
			isa = PBXGroup;
			children = (
				0A58536A21CE41840017C01D /* KVOTest.h */,
				0A58536B21CE41840017C01D /* KVOTest.m */,
				0A58536D21CE41C10017C01D /* KVOTestValue.h */,
				0A58536E21CE41C10017C01D /* KVOTestValue.m */,
				0A58537021CE42850017C01D /* KVOTestObserver.h */,
				0A58537121CE42850017C01D /* KVOTestObserver.m */,
			);
			path = KVOTest;
			sourceTree = "<group>";
		};
		0AD27FE121916C3C009913E4 /* Frameworks */ = {
			isa = PBXGroup;
			children = (
				0AD27FE221916C3C009913E4 /* libz.tbd */,
			);
			name = Frameworks;
			sourceTree = "<group>";
		};
		0AE91B182189A8D4002C630B = {
			isa = PBXGroup;
			children = (
				0AE91B232189A8D4002C630B /* Test */,
				0AE91B222189A8D4002C630B /* Products */,
				0AD27FE121916C3C009913E4 /* Frameworks */,
			);
			sourceTree = "<group>";
		};
		0AE91B222189A8D4002C630B /* Products */ = {
			isa = PBXGroup;
			children = (
				0AE91B212189A8D4002C630B /* Test */,
			);
			name = Products;
			sourceTree = "<group>";
		};
		0AE91B232189A8D4002C630B /* Test */ = {
			isa = PBXGroup;
			children = (
				0A58536921CE415E0017C01D /* KVOTest */,
				0AE91B242189A8D4002C630B /* main.m */,
			);
			path = Test;
			sourceTree = "<group>";
		};
/* End PBXGroup section */

/* Begin PBXNativeTarget section */
		0AE91B202189A8D4002C630B /* Test */ = {
			isa = PBXNativeTarget;
			buildConfigurationList = 0AE91B282189A8D4002C630B /* Build configuration list for PBXNativeTarget "Test" */;
			buildPhases = (
				0AE91B1D2189A8D4002C630B /* Sources */,
				0AE91B1E2189A8D4002C630B /* Frameworks */,
				0AE91B1F2189A8D4002C630B /* CopyFiles */,
				0A18B1E8218AD4BB004E71DD /* Resources */,
			);
			buildRules = (
			);
			dependencies = (
			);
			name = Test;
			productName = Test;
			productReference = 0AE91B212189A8D4002C630B /* Test */;
			productType = "com.apple.product-type.tool";
		};
/* End PBXNativeTarget section */

/* Begin PBXProject section */
		0AE91B192189A8D4002C630B /* Project object */ = {
			isa = PBXProject;
			attributes = {
				LastUpgradeCheck = 0900;
				ORGANIZATIONNAME = ZTE;
				TargetAttributes = {
					0AE91B202189A8D4002C630B = {
						CreatedOnToolsVersion = 9.0.1;
						ProvisioningStyle = Automatic;
					};
				};
			};
			buildConfigurationList = 0AE91B1C2189A8D4002C630B /* Build configuration list for PBXProject "Test" */;
			compatibilityVersion = "Xcode 8.0";
			developmentRegion = en;
			hasScannedForEncodings = 0;
			knownRegions = (
				en,
			);
			mainGroup = 0AE91B182189A8D4002C630B;
			productRefGroup = 0AE91B222189A8D4002C630B /* Products */;
			projectDirPath = "";
			projectRoot = "";
			targets = (
				0AE91B202189A8D4002C630B /* Test */,
			);
		};
/* End PBXProject section */

/* Begin PBXResourcesBuildPhase section */
		0A18B1E8218AD4BB004E71DD /* Resources */ = {
			isa = PBXResourcesBuildPhase;
			buildActionMask = 2147483647;
			files = (
			);
			runOnlyForDeploymentPostprocessing = 0;
		};
/* End PBXResourcesBuildPhase section */

/* Begin PBXSourcesBuildPhase section */
		0AE91B1D2189A8D4002C630B /* Sources */ = {
			isa = PBXSourcesBuildPhase;
			buildActionMask = 2147483647;
			files = (
				0A58537221CE42850017C01D /* KVOTestObserver.m in Sources */,
				0A58536C21CE41840017C01D /* KVOTest.m in Sources */,
				0A58536F21CE41C10017C01D /* KVOTestValue.m in Sources */,
				0AE91B252189A8D4002C630B /* main.m in Sources */,
			);
			runOnlyForDeploymentPostprocessing = 0;
		};
/* End PBXSourcesBuildPhase section */

/* Begin XCBuildConfiguration section */
		0AE91B262189A8D4002C630B /* Debug */ = {
			isa = XCBuildConfiguration;
			buildSettings = {
				ALWAYS_SEARCH_USER_PATHS = NO;
				CLANG_ANALYZER_NONNULL = YES;
				CLANG_ANALYZER_NUMBER_OBJECT_CONVERSION = YES_AGGRESSIVE;
				CLANG_CXX_LANGUAGE_STANDARD = "gnu++14";
				CLANG_CXX_LIBRARY = "libc++";
				CLANG_ENABLE_MODULES = YES;
				CLANG_ENABLE_OBJC_ARC = YES;
				CLANG_WARN_BLOCK_CAPTURE_AUTORELEASING = YES;
				CLANG_WARN_BOOL_CONVERSION = YES;
				CLANG_WARN_COMMA = YES;
				CLANG_WARN_CONSTANT_CONVERSION = YES;
				CLANG_WARN_DIRECT_OBJC_ISA_USAGE = YES_ERROR;
				CLANG_WARN_DOCUMENTATION_COMMENTS = YES;
				CLANG_WARN_EMPTY_BODY = YES;
				CLANG_WARN_ENUM_CONVERSION = YES;
				CLANG_WARN_INFINITE_RECURSION = YES;
				CLANG_WARN_INT_CONVERSION = YES;
				CLANG_WARN_NON_LITERAL_NULL_CONVERSION = YES;
				CLANG_WARN_OBJC_LITERAL_CONVERSION = YES;
				CLANG_WARN_OBJC_ROOT_CLASS = YES_ERROR;
				CLANG_WARN_RANGE_LOOP_ANALYSIS = YES;
				CLANG_WARN_STRICT_PROTOTYPES = YES;
				CLANG_WARN_SUSPICIOUS_MOVE = YES;
				CLANG_WARN_UNGUARDED_AVAILABILITY = YES_AGGRESSIVE;
				CLANG_WARN_UNREACHABLE_CODE = YES;
				CLANG_WARN__DUPLICATE_METHOD_MATCH = YES;
				CODE_SIGN_IDENTITY = "-";
				COPY_PHASE_STRIP = NO;
				DEBUG_INFORMATION_FORMAT = dwarf;
				ENABLE_STRICT_OBJC_MSGSEND = YES;
				ENABLE_TESTABILITY = YES;
				GCC_C_LANGUAGE_STANDARD = gnu11;
				GCC_DYNAMIC_NO_PIC = NO;
				GCC_NO_COMMON_BLOCKS = YES;
				GCC_OPTIMIZATION_LEVEL = 0;
				GCC_PREPROCESSOR_DEFINITIONS = (
					"DEBUG=1",
					"$(inherited)",
				);
				GCC_WARN_64_TO_32_BIT_CONVERSION = YES;
				GCC_WARN_ABOUT_RETURN_TYPE = YES_ERROR;
				GCC_WARN_UNDECLARED_SELECTOR = YES;
				GCC_WARN_UNINITIALIZED_AUTOS = YES_AGGRESSIVE;
				GCC_WARN_UNUSED_FUNCTION = YES;
				GCC_WARN_UNUSED_VARIABLE = YES;
				MACOSX_DEPLOYMENT_TARGET = 10.13;
				MTL_ENABLE_DEBUG_INFO = YES;
				ONLY_ACTIVE_ARCH = YES;
				SDKROOT = macosx;
			};
			name = Debug;
		};
		0AE91B272189A8D4002C630B /* Release */ = {
			isa = XCBuildConfiguration;
			buildSettings = {
				ALWAYS_SEARCH_USER_PATHS = NO;
				CLANG_ANALYZER_NONNULL = YES;
				CLANG_ANALYZER_NUMBER_OBJECT_CONVERSION = YES_AGGRESSIVE;
				CLANG_CXX_LANGUAGE_STANDARD = "gnu++14";
				CLANG_CXX_LIBRARY = "libc++";
				CLANG_ENABLE_MODULES = YES;
				CLANG_ENABLE_OBJC_ARC = YES;
				CLANG_WARN_BLOCK_CAPTURE_AUTORELEASING = YES;
				CLANG_WARN_BOOL_CONVERSION = YES;
				CLANG_WARN_COMMA = YES;
				CLANG_WARN_CONSTANT_CONVERSION = YES;
				CLANG_WARN_DIRECT_OBJC_ISA_USAGE = YES_ERROR;
				CLANG_WARN_DOCUMENTATION_COMMENTS = YES;
				CLANG_WARN_EMPTY_BODY = YES;
				CLANG_WARN_ENUM_CONVERSION = YES;
				CLANG_WARN_INFINITE_RECURSION = YES;
				CLANG_WARN_INT_CONVERSION = YES;
				CLANG_WARN_NON_LITERAL_NULL_CONVERSION = YES;
				CLANG_WARN_OBJC_LITERAL_CONVERSION = YES;
				CLANG_WARN_OBJC_ROOT_CLASS = YES_ERROR;
				CLANG_WARN_RANGE_LOOP_ANALYSIS = YES;
				CLANG_WARN_STRICT_PROTOTYPES = YES;
				CLANG_WARN_SUSPICIOUS_MOVE = YES;
				CLANG_WARN_UNGUARDED_AVAILABILITY = YES_AGGRESSIVE;
				CLANG_WARN_UNREACHABLE_CODE = YES;
				CLANG_WARN__DUPLICATE_METHOD_MATCH = YES;
				CODE_SIGN_IDENTITY = "-";
				COPY_PHASE_STRIP = NO;
				DEBUG_INFORMATION_FORMAT = "dwarf-with-dsym";
				ENABLE_NS_ASSERTIONS = NO;
				ENABLE_STRICT_OBJC_MSGSEND = YES;
				GCC_C_LANGUAGE_STANDARD = gnu11;
				GCC_NO_COMMON_BLOCKS = YES;
				GCC_WARN_64_TO_32_BIT_CONVERSION = YES;
				GCC_WARN_ABOUT_RETURN_TYPE = YES_ERROR;
				GCC_WARN_UNDECLARED_SELECTOR = YES;
				GCC_WARN_UNINITIALIZED_AUTOS = YES_AGGRESSIVE;
				GCC_WARN_UNUSED_FUNCTION = YES;
				GCC_WARN_UNUSED_VARIABLE = YES;
				MACOSX_DEPLOYMENT_TARGET = 10.13;
				MTL_ENABLE_DEBUG_INFO = NO;
				SDKROOT = macosx;
			};
			name = Release;
		};
		0AE91B292189A8D4002C630B /* Debug */ = {
			isa = XCBuildConfiguration;
			buildSettings = {
				CODE_SIGN_STYLE = Automatic;
				MACOSX_DEPLOYMENT_TARGET = 10.8;
				PRODUCT_NAME = "$(TARGET_NAME)";
			};
			name = Debug;
		};
		0AE91B2A2189A8D4002C630B /* Release */ = {
			isa = XCBuildConfiguration;
			buildSettings = {
				CODE_SIGN_STYLE = Automatic;
				MACOSX_DEPLOYMENT_TARGET = 10.8;
				PRODUCT_NAME = "$(TARGET_NAME)";
			};
			name = Release;
		};
/* End XCBuildConfiguration section */

/* Begin XCConfigurationList section */
		0AE91B1C2189A8D4002C630B /* Build configuration list for PBXProject "Test" */ = {
			isa = XCConfigurationList;
			buildConfigurations = (
				0AE91B262189A8D4002C630B /* Debug */,
				0AE91B272189A8D4002C630B /* Release */,
			);
			defaultConfigurationIsVisible = 0;
			defaultConfigurationName = Release;
		};
		0AE91B282189A8D4002C630B /* Build configuration list for PBXNativeTarget "Test" */ = {
			isa = XCConfigurationList;
			buildConfigurations = (
				0AE91B292189A8D4002C630B /* Debug */,
				0AE91B2A2189A8D4002C630B /* Release */,
			);
			defaultConfigurationIsVisible = 0;
			defaultConfigurationName = Release;
		};
/* End XCConfigurationList section */
	};
	rootObject = 0AE91B192189A8D4002C630B /* Project object */;
}
